
Microsoft Visual Studio Solution File, Format Version 12.00
# Visual Studio Version 17
VisualStudioVersion = 17.5.002.0
MinimumVisualStudioVersion = 10.0.40219.1
Project("{9A19103F-16F7-4668-BE54-9A1E7A4F7556}") = "VOICEOFCUSTOMER", "VOICEOFCUSTOMER.csproj", "{6DF48C27-8B65-47D3-BFBD-368BCCEDEA86}"
EndProject
Project("{FAE04EC0-301F-11D3-BF4B-00C04F79EFBC}") = "Web Api", "..\Web Api\Web Api.csproj", "{D4905027-9DE4-4531-933E-AC5B0498343F}"
EndProject
Global
	GlobalSection(SolutionConfigurationPlatforms) = preSolution
		Debug|Any CPU = Debug|Any CPU
		Release|Any CPU = Release|Any CPU
	EndGlobalSection
	GlobalSection(ProjectConfigurationPlatforms) = postSolution
		{6DF48C27-8B65-47D3-BFBD-368BCCEDEA86}.Debug|Any CPU.ActiveCfg = Debug|Any CPU
		{6DF48C27-8B65-47D3-BFBD-368BCCEDEA86}.Debug|Any CPU.Build.0 = Debug|Any CPU
		{6DF48C27-8B65-47D3-BFBD-368BCCEDEA86}.Release|Any CPU.ActiveCfg = Release|Any CPU
		{6DF48C27-8B65-47D3-BFBD-368BCCEDEA86}.Release|Any CPU.Build.0 = Release|Any CPU
		{D4905027-9DE4-4531-933E-AC5B0498343F}.Debug|Any CPU.ActiveCfg = Debug|Any CPU
		{D4905027-9DE4-4531-933E-AC5B0498343F}.Debug|Any CPU.Build.0 = Debug|Any CPU
		{D4905027-9DE4-4531-933E-AC5B0498343F}.Release|Any CPU.ActiveCfg = Release|Any CPU
		{D4905027-9DE4-4531-933E-AC5B0498343F}.Release|Any CPU.Build.0 = Release|Any CPU
	EndGlobalSection
	GlobalSection(SolutionProperties) = preSolution
		HideSolutionNode = FALSE
	EndGlobalSection
	GlobalSection(ExtensibilityGlobals) = postSolution
		SolutionGuid = {23CE1830-312D-447E-8B3A-A6E65F9BFEE3}
	EndGlobalSection
EndGlobal
